
Microsoft Visual Studio Solution File, Format Version 12.00
# Visual Studio 15
VisualStudioVersion = 15.0.28307.902
MinimumVisualStudioVersion = 10.0.40219.1
Project("{8BC9CEB8-8B4A-11D0-8D11-00A0C91BC942}") = "BinarySearchTree", "BinarySearchTree\BinarySearchTree.vcxproj", "{EB2C7088-A697-4674-A289-CFAEF3098C5F}"
EndProject
Global
	GlobalSection(SolutionConfigurationPlatforms) = preSolution
		Debug|x64 = Debug|x64
		Debug|x86 = Debug|x86
		Release|x64 = Release|x64
		Release|x86 = Release|x86
	EndGlobalSection
	GlobalSection(ProjectConfigurationPlatforms) = postSolution
		{EB2C7088-A697-4674-A289-CFAEF3098C5F}.Debug|x64.ActiveCfg = Debug|x64
		{EB2C7088-A697-4674-A289-CFAEF3098C5F}.Debug|x64.Build.0 = Debug|x64
		{EB2C7088-A697-4674-A289-CFAEF3098C5F}.Debug|x86.ActiveCfg = Debug|Win32
		{EB2C7088-A697-4674-A289-CFAEF3098C5F}.Debug|x86.Build.0 = Debug|Win32
		{EB2C7088-A697-4674-A289-CFAEF3098C5F}.Release|x64.ActiveCfg = Release|x64
		{EB2C7088-A697-4674-A289-CFAEF3098C5F}.Release|x64.Build.0 = Release|x64
		{EB2C7088-A697-4674-A289-CFAEF3098C5F}.Release|x86.ActiveCfg = Release|Win32
		{EB2C7088-A697-4674-A289-CFAEF3098C5F}.Release|x86.Build.0 = Release|Win32
	EndGlobalSection
	GlobalSection(SolutionProperties) = preSolution
		HideSolutionNode = FALSE
	EndGlobalSection
	GlobalSection(ExtensibilityGlobals) = postSolution
		SolutionGuid = {E1BA68C6-A69B-474B-AECB-E8883EFBF8C9}
	EndGlobalSection
EndGlobal
